
Microsoft Visual Studio Solution File, Format Version 12.00
# Visual Studio 15
VisualStudioVersion = 15.0.28307.168
MinimumVisualStudioVersion = 10.0.40219.1
Project("{FAE04EC0-301F-11D3-BF4B-00C04F79EFBC}") = "Karpach.TelegramPingBot", "Karpach.TelegramPingBot\Karpach.TelegramPingBot.csproj", "{C350CB4A-4D5F-4E69-AB11-9984EAB62384}"
EndProject
Project("{FAE04EC0-301F-11D3-BF4B-00C04F79EFBC}") = "Karpach.TelegramPingBot.Tests", "Karpach.TelegramPingBot.Tests\Karpach.TelegramPingBot.Tests.csproj", "{2D3CDE17-F411-41D2-A28F-C926CA76A752}"
EndProject
Global
	GlobalSection(SolutionConfigurationPlatforms) = preSolution
		Debug|Any CPU = Debug|Any CPU
		Release|Any CPU = Release|Any CPU
	EndGlobalSection
	GlobalSection(ProjectConfigurationPlatforms) = postSolution
		{C350CB4A-4D5F-4E69-AB11-9984EAB62384}.Debug|Any CPU.ActiveCfg = Debug|Any CPU
		{C350CB4A-4D5F-4E69-AB11-9984EAB62384}.Debug|Any CPU.Build.0 = Debug|Any CPU
		{C350CB4A-4D5F-4E69-AB11-9984EAB62384}.Release|Any CPU.ActiveCfg = Release|Any CPU
		{C350CB4A-4D5F-4E69-AB11-9984EAB62384}.Release|Any CPU.Build.0 = Release|Any CPU
		{2D3CDE17-F411-41D2-A28F-C926CA76A752}.Debug|Any CPU.ActiveCfg = Debug|Any CPU
		{2D3CDE17-F411-41D2-A28F-C926CA76A752}.Debug|Any CPU.Build.0 = Debug|Any CPU
		{2D3CDE17-F411-41D2-A28F-C926CA76A752}.Release|Any CPU.ActiveCfg = Release|Any CPU
		{2D3CDE17-F411-41D2-A28F-C926CA76A752}.Release|Any CPU.Build.0 = Release|Any CPU
	EndGlobalSection
	GlobalSection(SolutionProperties) = preSolution
		HideSolutionNode = FALSE
	EndGlobalSection
	GlobalSection(ExtensibilityGlobals) = postSolution
		SolutionGuid = {742DF5F2-6C33-422C-B35A-C27FCAA412F1}
	EndGlobalSection
EndGlobal
